
Microsoft Visual Studio Solution File, Format Version 12.00
# Visual Studio Version 17
VisualStudioVersion = 17.11.35312.102
MinimumVisualStudioVersion = 10.0.40219.1
Project("{FAE04EC0-301F-11D3-BF4B-00C04F79EFBC}") = "Coins_Activity", "Coins_Activity\Coins_Activity.csproj", "{05436789-FD0D-4DC8-AAC0-16D740B44B5E}"
EndProject
Global
	GlobalSection(SolutionConfigurationPlatforms) = preSolution
		Debug|Any CPU = Debug|Any CPU
		Release|Any CPU = Release|Any CPU
	EndGlobalSection
	GlobalSection(ProjectConfigurationPlatforms) = postSolution
		{05436789-FD0D-4DC8-AAC0-16D740B44B5E}.Debug|Any CPU.ActiveCfg = Debug|Any CPU
		{05436789-FD0D-4DC8-AAC0-16D740B44B5E}.Debug|Any CPU.Build.0 = Debug|Any CPU
		{05436789-FD0D-4DC8-AAC0-16D740B44B5E}.Release|Any CPU.ActiveCfg = Release|Any CPU
		{05436789-FD0D-4DC8-AAC0-16D740B44B5E}.Release|Any CPU.Build.0 = Release|Any CPU
	EndGlobalSection
	GlobalSection(SolutionProperties) = preSolution
		HideSolutionNode = FALSE
	EndGlobalSection
	GlobalSection(ExtensibilityGlobals) = postSolution
		SolutionGuid = {7C6CCEDD-DB2C-4ACC-8188-A07CD4F9D64A}
	EndGlobalSection
EndGlobal
